
Microsoft Visual Studio Solution File, Format Version 12.00
# Visual Studio Version 17
VisualStudioVersion = 17.1.32319.34
MinimumVisualStudioVersion = 10.0.40219.1
Project("{9A19103F-16F7-4668-BE54-9A1E7A4F7556}") = "MD5", "MD5\MD5.csproj", "{674F09C4-E4F1-4C7D-8753-DD570F6F9386}"
EndProject
Project("{FAE04EC0-301F-11D3-BF4B-00C04F79EFBC}") = "WynneCsharp", "WynneCsharp\WynneCsharp.csproj", "{2488CA87-9EBA-4281-948A-81E90A5F82A5}"
EndProject
Global
	GlobalSection(SolutionConfigurationPlatforms) = preSolution
		Debug|Any CPU = Debug|Any CPU
		Release|Any CPU = Release|Any CPU
	EndGlobalSection
	GlobalSection(ProjectConfigurationPlatforms) = postSolution
		{674F09C4-E4F1-4C7D-8753-DD570F6F9386}.Debug|Any CPU.ActiveCfg = Debug|Any CPU
		{674F09C4-E4F1-4C7D-8753-DD570F6F9386}.Debug|Any CPU.Build.0 = Debug|Any CPU
		{674F09C4-E4F1-4C7D-8753-DD570F6F9386}.Release|Any CPU.ActiveCfg = Release|Any CPU
		{674F09C4-E4F1-4C7D-8753-DD570F6F9386}.Release|Any CPU.Build.0 = Release|Any CPU
		{2488CA87-9EBA-4281-948A-81E90A5F82A5}.Debug|Any CPU.ActiveCfg = Debug|Any CPU
		{2488CA87-9EBA-4281-948A-81E90A5F82A5}.Debug|Any CPU.Build.0 = Debug|Any CPU
		{2488CA87-9EBA-4281-948A-81E90A5F82A5}.Release|Any CPU.ActiveCfg = Release|Any CPU
		{2488CA87-9EBA-4281-948A-81E90A5F82A5}.Release|Any CPU.Build.0 = Release|Any CPU
	EndGlobalSection
	GlobalSection(SolutionProperties) = preSolution
		HideSolutionNode = FALSE
	EndGlobalSection
	GlobalSection(ExtensibilityGlobals) = postSolution
		SolutionGuid = {6FE646B0-6554-4093-BB2C-C65214A7E1E7}
	EndGlobalSection
EndGlobal
